
Microsoft Visual Studio Solution File, Format Version 12.00
# Visual Studio 2012
Project("{8BC9CEB8-8B4A-11D0-8D11-00A0C91BC942}") = "lab2", "lab2.vcxproj", "{CD7CA9FE-7FE6-4D90-A238-AEF0F4DEA6AD}"
EndProject
Global
	GlobalSection(SolutionConfigurationPlatforms) = preSolution
		Debug|Win32 = Debug|Win32
		Release|Win32 = Release|Win32
	EndGlobalSection
	GlobalSection(ProjectConfigurationPlatforms) = postSolution
		{CD7CA9FE-7FE6-4D90-A238-AEF0F4DEA6AD}.Debug|Win32.ActiveCfg = Debug|Win32
		{CD7CA9FE-7FE6-4D90-A238-AEF0F4DEA6AD}.Debug|Win32.Build.0 = Debug|Win32
		{CD7CA9FE-7FE6-4D90-A238-AEF0F4DEA6AD}.Release|Win32.ActiveCfg = Release|Win32
		{CD7CA9FE-7FE6-4D90-A238-AEF0F4DEA6AD}.Release|Win32.Build.0 = Release|Win32
	EndGlobalSection
	GlobalSection(SolutionProperties) = preSolution
		HideSolutionNode = FALSE
	EndGlobalSection
EndGlobal
